
Microsoft Visual Studio Solution File, Format Version 12.00
# Visual Studio Version 17
VisualStudioVersion = 17.7.34031.279
MinimumVisualStudioVersion = 10.0.40219.1
Project("{FAE04EC0-301F-11D3-BF4B-00C04F79EFBC}") = "TestApp", "TestApp\TestApp.csproj", "{72166300-9DAC-4067-A5CF-45401E7AEE1C}"
EndProject
Global
	GlobalSection(SolutionConfigurationPlatforms) = preSolution
		Debug|Any CPU = Debug|Any CPU
		Release|Any CPU = Release|Any CPU
	EndGlobalSection
	GlobalSection(ProjectConfigurationPlatforms) = postSolution
		{72166300-9DAC-4067-A5CF-45401E7AEE1C}.Debug|Any CPU.ActiveCfg = Debug|Any CPU
		{72166300-9DAC-4067-A5CF-45401E7AEE1C}.Debug|Any CPU.Build.0 = Debug|Any CPU
		{72166300-9DAC-4067-A5CF-45401E7AEE1C}.Release|Any CPU.ActiveCfg = Release|Any CPU
		{72166300-9DAC-4067-A5CF-45401E7AEE1C}.Release|Any CPU.Build.0 = Release|Any CPU
	EndGlobalSection
	GlobalSection(SolutionProperties) = preSolution
		HideSolutionNode = FALSE
	EndGlobalSection
	GlobalSection(ExtensibilityGlobals) = postSolution
		SolutionGuid = {B492E98D-A541-453F-87FE-0F1D0AADB2F2}
	EndGlobalSection
EndGlobal
